// !$*UTF8*$!
{
	archiveVersion = 1;
	classes = {
	};
	objectVersion = 56;
	objects = {

/* Begin PBXBuildFile section */
		D3E87EBA2A2E4B870017E019 /* WebSocketService.swift in Sources */ = {isa = PBXBuildFile; fileRef = D3E87EB92A2E4B870017E019 /* WebSocketService.swift */; };
		D3E87EBC2A2E53FB0017E019 /* DataModels.swift in Sources */ = {isa = PBXBuildFile; fileRef = D3E87EBB2A2E53FB0017E019 /* DataModels.swift */; };
		D3E87EBE2A2E58500017E019 /* SubscriptionTopic.swift in Sources */ = {isa = PBXBuildFile; fileRef = D3E87EBD2A2E58500017E019 /* SubscriptionTopic.swift */; };
		D3E87EC02A2E5CB40017E019 /* OrderBookViewModel.swift in Sources */ = {isa = PBXBuildFile; fileRef = D3E87EBF2A2E5CB40017E019 /* OrderBookViewModel.swift */; };
		D3E87EC42A2E81B70017E019 /* OrderBookRow.swift in Sources */ = {isa = PBXBuildFile; fileRef = D3E87EC32A2E81B70017E019 /* OrderBookRow.swift */; };
		D3E87EC62A2E90120017E019 /* Array+Helper.swift in Sources */ = {isa = PBXBuildFile; fileRef = D3E87EC52A2E90120017E019 /* Array+Helper.swift */; };
		D3E87EC82A2E96D10017E019 /* OrderBookView.swift in Sources */ = {isa = PBXBuildFile; fileRef = D3E87EC72A2E96D10017E019 /* OrderBookView.swift */; };
		D3E87ECA2A2E96FA0017E019 /* RecentTradesViewModel.swift in Sources */ = {isa = PBXBuildFile; fileRef = D3E87EC92A2E96FA0017E019 /* RecentTradesViewModel.swift */; };
		D3E87ECC2A2EB13D0017E019 /* RecentTradesView.swift in Sources */ = {isa = PBXBuildFile; fileRef = D3E87ECB2A2EB13D0017E019 /* RecentTradesView.swift */; };
		D3E87ECE2A2FA99C0017E019 /* FlashBackgroudModifier.swift in Sources */ = {isa = PBXBuildFile; fileRef = D3E87ECD2A2FA99C0017E019 /* FlashBackgroudModifier.swift */; };
		D3E87ED02A2FE3300017E019 /* NavigationBarView.swift in Sources */ = {isa = PBXBuildFile; fileRef = D3E87ECF2A2FE3300017E019 /* NavigationBarView.swift */; };
		D3E87ED42A2FE35B0017E019 /* CustomTabView.swift in Sources */ = {isa = PBXBuildFile; fileRef = D3E87ED32A2FE35B0017E019 /* CustomTabView.swift */; };
		D3E87ED82A30019A0017E019 /* RecentTradeRow.swift in Sources */ = {isa = PBXBuildFile; fileRef = D3E87ED72A30019A0017E019 /* RecentTradeRow.swift */; };
		D3F6AE092A2922560098D587 /* AQXInterviewApp.swift in Sources */ = {isa = PBXBuildFile; fileRef = D3F6AE082A2922560098D587 /* AQXInterviewApp.swift */; };
		D3F6AE0B2A2922560098D587 /* ContentView.swift in Sources */ = {isa = PBXBuildFile; fileRef = D3F6AE0A2A2922560098D587 /* ContentView.swift */; };
		D3F6AE0D2A2922580098D587 /* Assets.xcassets in Resources */ = {isa = PBXBuildFile; fileRef = D3F6AE0C2A2922580098D587 /* Assets.xcassets */; };
		D3F6AE102A2922580098D587 /* Preview Assets.xcassets in Resources */ = {isa = PBXBuildFile; fileRef = D3F6AE0F2A2922580098D587 /* Preview Assets.xcassets */; };
		D3F6AE1B2A294E1C0098D587 /* CustomPicker.swift in Sources */ = {isa = PBXBuildFile; fileRef = D3F6AE1A2A294E1C0098D587 /* CustomPicker.swift */; };
/* End PBXBuildFile section */

/* Begin PBXFileReference section */
		D3E87EB92A2E4B870017E019 /* WebSocketService.swift */ = {isa = PBXFileReference; lastKnownFileType = sourcecode.swift; path = WebSocketService.swift; sourceTree = "<group>"; };
		D3E87EBB2A2E53FB0017E019 /* DataModels.swift */ = {isa = PBXFileReference; lastKnownFileType = sourcecode.swift; path = DataModels.swift; sourceTree = "<group>"; };
		D3E87EBD2A2E58500017E019 /* SubscriptionTopic.swift */ = {isa = PBXFileReference; lastKnownFileType = sourcecode.swift; path = SubscriptionTopic.swift; sourceTree = "<group>"; };
		D3E87EBF2A2E5CB40017E019 /* OrderBookViewModel.swift */ = {isa = PBXFileReference; lastKnownFileType = sourcecode.swift; path = OrderBookViewModel.swift; sourceTree = "<group>"; };
		D3E87EC32A2E81B70017E019 /* OrderBookRow.swift */ = {isa = PBXFileReference; lastKnownFileType = sourcecode.swift; path = OrderBookRow.swift; sourceTree = "<group>"; };
		D3E87EC52A2E90120017E019 /* Array+Helper.swift */ = {isa = PBXFileReference; lastKnownFileType = sourcecode.swift; path = "Array+Helper.swift"; sourceTree = "<group>"; };
		D3E87EC72A2E96D10017E019 /* OrderBookView.swift */ = {isa = PBXFileReference; lastKnownFileType = sourcecode.swift; path = OrderBookView.swift; sourceTree = "<group>"; };
		D3E87EC92A2E96FA0017E019 /* RecentTradesViewModel.swift */ = {isa = PBXFileReference; lastKnownFileType = sourcecode.swift; path = RecentTradesViewModel.swift; sourceTree = "<group>"; };
		D3E87ECB2A2EB13D0017E019 /* RecentTradesView.swift */ = {isa = PBXFileReference; lastKnownFileType = sourcecode.swift; path = RecentTradesView.swift; sourceTree = "<group>"; };
		D3E87ECD2A2FA99C0017E019 /* FlashBackgroudModifier.swift */ = {isa = PBXFileReference; lastKnownFileType = sourcecode.swift; path = FlashBackgroudModifier.swift; sourceTree = "<group>"; };
		D3E87ECF2A2FE3300017E019 /* NavigationBarView.swift */ = {isa = PBXFileReference; lastKnownFileType = sourcecode.swift; path = NavigationBarView.swift; sourceTree = "<group>"; };
		D3E87ED32A2FE35B0017E019 /* CustomTabView.swift */ = {isa = PBXFileReference; lastKnownFileType = sourcecode.swift; path = CustomTabView.swift; sourceTree = "<group>"; };
		D3E87ED72A30019A0017E019 /* RecentTradeRow.swift */ = {isa = PBXFileReference; lastKnownFileType = sourcecode.swift; path = RecentTradeRow.swift; sourceTree = "<group>"; };
		D3F6AE052A2922560098D587 /* AQXInterview.app */ = {isa = PBXFileReference; explicitFileType = wrapper.application; includeInIndex = 0; path = AQXInterview.app; sourceTree = BUILT_PRODUCTS_DIR; };
		D3F6AE082A2922560098D587 /* AQXInterviewApp.swift */ = {isa = PBXFileReference; lastKnownFileType = sourcecode.swift; path = AQXInterviewApp.swift; sourceTree = "<group>"; };
		D3F6AE0A2A2922560098D587 /* ContentView.swift */ = {isa = PBXFileReference; lastKnownFileType = sourcecode.swift; path = ContentView.swift; sourceTree = "<group>"; };
		D3F6AE0C2A2922580098D587 /* Assets.xcassets */ = {isa = PBXFileReference; lastKnownFileType = folder.assetcatalog; path = Assets.xcassets; sourceTree = "<group>"; };
		D3F6AE0F2A2922580098D587 /* Preview Assets.xcassets */ = {isa = PBXFileReference; lastKnownFileType = folder.assetcatalog; path = "Preview Assets.xcassets"; sourceTree = "<group>"; };
		D3F6AE1A2A294E1C0098D587 /* CustomPicker.swift */ = {isa = PBXFileReference; lastKnownFileType = sourcecode.swift; path = CustomPicker.swift; sourceTree = "<group>"; };
/* End PBXFileReference section */

/* Begin PBXFrameworksBuildPhase section */
		D3F6AE022A2922560098D587 /* Frameworks */ = {
			isa = PBXFrameworksBuildPhase;
			buildActionMask = 2147483647;
			files = (
			);
			runOnlyForDeploymentPostprocessing = 0;
		};
/* End PBXFrameworksBuildPhase section */

/* Begin PBXGroup section */
		D3E87ED52A2FE3720017E019 /* Service */ = {
			isa = PBXGroup;
			children = (
				D3E87EB92A2E4B870017E019 /* WebSocketService.swift */,
			);
			path = Service;
			sourceTree = "<group>";
		};
		D3E87ED62A2FE37B0017E019 /* Utility */ = {
			isa = PBXGroup;
			children = (
				D3E87EC52A2E90120017E019 /* Array+Helper.swift */,
			);
			path = Utility;
			sourceTree = "<group>";
		};
		D3F6ADFC2A2922560098D587 = {
			isa = PBXGroup;
			children = (
				D3F6AE072A2922560098D587 /* AQXInterview */,
				D3F6AE062A2922560098D587 /* Products */,
			);
			sourceTree = "<group>";
		};
		D3F6AE062A2922560098D587 /* Products */ = {
			isa = PBXGroup;
			children = (
				D3F6AE052A2922560098D587 /* AQXInterview.app */,
			);
			name = Products;
			sourceTree = "<group>";
		};
		D3F6AE072A2922560098D587 /* AQXInterview */ = {
			isa = PBXGroup;
			children = (
				D3E87ED62A2FE37B0017E019 /* Utility */,
				D3E87ED52A2FE3720017E019 /* Service */,
				D3F6AE192A294E130098D587 /* Views */,
				D3F6AE162A293F370098D587 /* Models */,
				D3F6AE082A2922560098D587 /* AQXInterviewApp.swift */,
				D3F6AE0A2A2922560098D587 /* ContentView.swift */,
				D3F6AE0C2A2922580098D587 /* Assets.xcassets */,
				D3F6AE0E2A2922580098D587 /* Preview Content */,
			);
			path = AQXInterview;
			sourceTree = "<group>";
		};
		D3F6AE0E2A2922580098D587 /* Preview Content */ = {
			isa = PBXGroup;
			children = (
				D3F6AE0F2A2922580098D587 /* Preview Assets.xcassets */,
			);
			path = "Preview Content";
			sourceTree = "<group>";
		};
		D3F6AE162A293F370098D587 /* Models */ = {
			isa = PBXGroup;
			children = (
				D3E87EBB2A2E53FB0017E019 /* DataModels.swift */,
				D3E87EBD2A2E58500017E019 /* SubscriptionTopic.swift */,
				D3E87EBF2A2E5CB40017E019 /* OrderBookViewModel.swift */,
				D3E87EC92A2E96FA0017E019 /* RecentTradesViewModel.swift */,
			);
			path = Models;
			sourceTree = "<group>";
		};
		D3F6AE192A294E130098D587 /* Views */ = {
			isa = PBXGroup;
			children = (
				D3F6AE1A2A294E1C0098D587 /* CustomPicker.swift */,
				D3E87EC32A2E81B70017E019 /* OrderBookRow.swift */,
				D3E87EC72A2E96D10017E019 /* OrderBookView.swift */,
				D3E87ECB2A2EB13D0017E019 /* RecentTradesView.swift */,
				D3E87ECD2A2FA99C0017E019 /* FlashBackgroudModifier.swift */,
				D3E87ECF2A2FE3300017E019 /* NavigationBarView.swift */,
				D3E87ED32A2FE35B0017E019 /* CustomTabView.swift */,
				D3E87ED72A30019A0017E019 /* RecentTradeRow.swift */,
			);
			path = Views;
			sourceTree = "<group>";
		};
/* End PBXGroup section */

/* Begin PBXNativeTarget section */
		D3F6AE042A2922560098D587 /* AQXInterview */ = {
			isa = PBXNativeTarget;
			buildConfigurationList = D3F6AE132A2922580098D587 /* Build configuration list for PBXNativeTarget "AQXInterview" */;
			buildPhases = (
				D3F6AE012A2922560098D587 /* Sources */,
				D3F6AE022A2922560098D587 /* Frameworks */,
				D3F6AE032A2922560098D587 /* Resources */,
			);
			buildRules = (
			);
			dependencies = (
			);
			name = AQXInterview;
			productName = AQXInterview;
			productReference = D3F6AE052A2922560098D587 /* AQXInterview.app */;
			productType = "com.apple.product-type.application";
		};
/* End PBXNativeTarget section */

/* Begin PBXProject section */
		D3F6ADFD2A2922560098D587 /* Project object */ = {
			isa = PBXProject;
			attributes = {
				BuildIndependentTargetsInParallel = 1;
				LastSwiftUpdateCheck = 1420;
				LastUpgradeCheck = 1420;
				TargetAttributes = {
					D3F6AE042A2922560098D587 = {
						CreatedOnToolsVersion = 14.2;
					};
				};
			};
			buildConfigurationList = D3F6AE002A2922560098D587 /* Build configuration list for PBXProject "AQXInterview" */;
			compatibilityVersion = "Xcode 14.0";
			developmentRegion = en;
			hasScannedForEncodings = 0;
			knownRegions = (
				en,
				Base,
			);
			mainGroup = D3F6ADFC2A2922560098D587;
			productRefGroup = D3F6AE062A2922560098D587 /* Products */;
			projectDirPath = "";
			projectRoot = "";
			targets = (
				D3F6AE042A2922560098D587 /* AQXInterview */,
			);
		};
/* End PBXProject section */

/* Begin PBXResourcesBuildPhase section */
		D3F6AE032A2922560098D587 /* Resources */ = {
			isa = PBXResourcesBuildPhase;
			buildActionMask = 2147483647;
			files = (
				D3F6AE102A2922580098D587 /* Preview Assets.xcassets in Resources */,
				D3F6AE0D2A2922580098D587 /* Assets.xcassets in Resources */,
			);
			runOnlyForDeploymentPostprocessing = 0;
		};
/* End PBXResourcesBuildPhase section */

/* Begin PBXSourcesBuildPhase section */
		D3F6AE012A2922560098D587 /* Sources */ = {
			isa = PBXSourcesBuildPhase;
			buildActionMask = 2147483647;
			files = (
				D3E87EBA2A2E4B870017E019 /* WebSocketService.swift in Sources */,
				D3E87ED42A2FE35B0017E019 /* CustomTabView.swift in Sources */,
				D3E87ECE2A2FA99C0017E019 /* FlashBackgroudModifier.swift in Sources */,
				D3F6AE0B2A2922560098D587 /* ContentView.swift in Sources */,
				D3E87EBC2A2E53FB0017E019 /* DataModels.swift in Sources */,
				D3E87EC82A2E96D10017E019 /* OrderBookView.swift in Sources */,
				D3F6AE1B2A294E1C0098D587 /* CustomPicker.swift in Sources */,
				D3E87EC42A2E81B70017E019 /* OrderBookRow.swift in Sources */,
				D3E87ED82A30019A0017E019 /* RecentTradeRow.swift in Sources */,
				D3E87EBE2A2E58500017E019 /* SubscriptionTopic.swift in Sources */,
				D3E87EC02A2E5CB40017E019 /* OrderBookViewModel.swift in Sources */,
				D3F6AE092A2922560098D587 /* AQXInterviewApp.swift in Sources */,
				D3E87ECA2A2E96FA0017E019 /* RecentTradesViewModel.swift in Sources */,
				D3E87ECC2A2EB13D0017E019 /* RecentTradesView.swift in Sources */,
				D3E87EC62A2E90120017E019 /* Array+Helper.swift in Sources */,
				D3E87ED02A2FE3300017E019 /* NavigationBarView.swift in Sources */,
			);
			runOnlyForDeploymentPostprocessing = 0;
		};
/* End PBXSourcesBuildPhase section */

/* Begin XCBuildConfiguration section */
		D3F6AE112A2922580098D587 /* Debug */ = {
			isa = XCBuildConfiguration;
			buildSettings = {
				ALWAYS_SEARCH_USER_PATHS = NO;
				CLANG_ANALYZER_NONNULL = YES;
				CLANG_ANALYZER_NUMBER_OBJECT_CONVERSION = YES_AGGRESSIVE;
				CLANG_CXX_LANGUAGE_STANDARD = "gnu++20";
				CLANG_ENABLE_MODULES = YES;
				CLANG_ENABLE_OBJC_ARC = YES;
				CLANG_ENABLE_OBJC_WEAK = YES;
				CLANG_WARN_BLOCK_CAPTURE_AUTORELEASING = YES;
				CLANG_WARN_BOOL_CONVERSION = YES;
				CLANG_WARN_COMMA = YES;
				CLANG_WARN_CONSTANT_CONVERSION = YES;
				CLANG_WARN_DEPRECATED_OBJC_IMPLEMENTATIONS = YES;
				CLANG_WARN_DIRECT_OBJC_ISA_USAGE = YES_ERROR;
				CLANG_WARN_DOCUMENTATION_COMMENTS = YES;
				CLANG_WARN_EMPTY_BODY = YES;
				CLANG_WARN_ENUM_CONVERSION = YES;
				CLANG_WARN_INFINITE_RECURSION = YES;
				CLANG_WARN_INT_CONVERSION = YES;
				CLANG_WARN_NON_LITERAL_NULL_CONVERSION = YES;
				CLANG_WARN_OBJC_IMPLICIT_RETAIN_SELF = YES;
				CLANG_WARN_OBJC_LITERAL_CONVERSION = YES;
				CLANG_WARN_OBJC_ROOT_CLASS = YES_ERROR;
				CLANG_WARN_QUOTED_INCLUDE_IN_FRAMEWORK_HEADER = YES;
				CLANG_WARN_RANGE_LOOP_ANALYSIS = YES;
				CLANG_WARN_STRICT_PROTOTYPES = YES;
				CLANG_WARN_SUSPICIOUS_MOVE = YES;
				CLANG_WARN_UNGUARDED_AVAILABILITY = YES_AGGRESSIVE;
				CLANG_WARN_UNREACHABLE_CODE = YES;
				CLANG_WARN__DUPLICATE_METHOD_MATCH = YES;
				COPY_PHASE_STRIP = NO;
				DEBUG_INFORMATION_FORMAT = dwarf;
				ENABLE_STRICT_OBJC_MSGSEND = YES;
				ENABLE_TESTABILITY = YES;
				GCC_C_LANGUAGE_STANDARD = gnu11;
				GCC_DYNAMIC_NO_PIC = NO;
				GCC_NO_COMMON_BLOCKS = YES;
				GCC_OPTIMIZATION_LEVEL = 0;
				GCC_PREPROCESSOR_DEFINITIONS = (
					"DEBUG=1",
					"$(inherited)",
				);
				GCC_WARN_64_TO_32_BIT_CONVERSION = YES;
				GCC_WARN_ABOUT_RETURN_TYPE = YES_ERROR;
				GCC_WARN_UNDECLARED_SELECTOR = YES;
				GCC_WARN_UNINITIALIZED_AUTOS = YES_AGGRESSIVE;
				GCC_WARN_UNUSED_FUNCTION = YES;
				GCC_WARN_UNUSED_VARIABLE = YES;
				IPHONEOS_DEPLOYMENT_TARGET = 16.2;
				MTL_ENABLE_DEBUG_INFO = INCLUDE_SOURCE;
				MTL_FAST_MATH = YES;
				ONLY_ACTIVE_ARCH = YES;
				SDKROOT = iphoneos;
				SWIFT_ACTIVE_COMPILATION_CONDITIONS = DEBUG;
				SWIFT_OPTIMIZATION_LEVEL = "-Onone";
			};
			name = Debug;
		};
		D3F6AE122A2922580098D587 /* Release */ = {
			isa = XCBuildConfiguration;
			buildSettings = {
				ALWAYS_SEARCH_USER_PATHS = NO;
				CLANG_ANALYZER_NONNULL = YES;
				CLANG_ANALYZER_NUMBER_OBJECT_CONVERSION = YES_AGGRESSIVE;
				CLANG_CXX_LANGUAGE_STANDARD = "gnu++20";
				CLANG_ENABLE_MODULES = YES;
				CLANG_ENABLE_OBJC_ARC = YES;
				CLANG_ENABLE_OBJC_WEAK = YES;
				CLANG_WARN_BLOCK_CAPTURE_AUTORELEASING = YES;
				CLANG_WARN_BOOL_CONVERSION = YES;
				CLANG_WARN_COMMA = YES;
				CLANG_WARN_CONSTANT_CONVERSION = YES;
				CLANG_WARN_DEPRECATED_OBJC_IMPLEMENTATIONS = YES;
				CLANG_WARN_DIRECT_OBJC_ISA_USAGE = YES_ERROR;
				CLANG_WARN_DOCUMENTATION_COMMENTS = YES;
				CLANG_WARN_EMPTY_BODY = YES;
				CLANG_WARN_ENUM_CONVERSION = YES;
				CLANG_WARN_INFINITE_RECURSION = YES;
				CLANG_WARN_INT_CONVERSION = YES;
				CLANG_WARN_NON_LITERAL_NULL_CONVERSION = YES;
				CLANG_WARN_OBJC_IMPLICIT_RETAIN_SELF = YES;
				CLANG_WARN_OBJC_LITERAL_CONVERSION = YES;
				CLANG_WARN_OBJC_ROOT_CLASS = YES_ERROR;
				CLANG_WARN_QUOTED_INCLUDE_IN_FRAMEWORK_HEADER = YES;
				CLANG_WARN_RANGE_LOOP_ANALYSIS = YES;
				CLANG_WARN_STRICT_PROTOTYPES = YES;
				CLANG_WARN_SUSPICIOUS_MOVE = YES;
				CLANG_WARN_UNGUARDED_AVAILABILITY = YES_AGGRESSIVE;
				CLANG_WARN_UNREACHABLE_CODE = YES;
				CLANG_WARN__DUPLICATE_METHOD_MATCH = YES;
				COPY_PHASE_STRIP = NO;
				DEBUG_INFORMATION_FORMAT = "dwarf-with-dsym";
				ENABLE_NS_ASSERTIONS = NO;
				ENABLE_STRICT_OBJC_MSGSEND = YES;
				GCC_C_LANGUAGE_STANDARD = gnu11;
				GCC_NO_COMMON_BLOCKS = YES;
				GCC_WARN_64_TO_32_BIT_CONVERSION = YES;
				GCC_WARN_ABOUT_RETURN_TYPE = YES_ERROR;
				GCC_WARN_UNDECLARED_SELECTOR = YES;
				GCC_WARN_UNINITIALIZED_AUTOS = YES_AGGRESSIVE;
				GCC_WARN_UNUSED_FUNCTION = YES;
				GCC_WARN_UNUSED_VARIABLE = YES;
				IPHONEOS_DEPLOYMENT_TARGET = 16.2;
				MTL_ENABLE_DEBUG_INFO = NO;
				MTL_FAST_MATH = YES;
				SDKROOT = iphoneos;
				SWIFT_COMPILATION_MODE = wholemodule;
				SWIFT_OPTIMIZATION_LEVEL = "-O";
				VALIDATE_PRODUCT = YES;
			};
			name = Release;
		};
		D3F6AE142A2922580098D587 /* Debug */ = {
			isa = XCBuildConfiguration;
			buildSettings = {
				ASSETCATALOG_COMPILER_APPICON_NAME = AppIcon;
				ASSETCATALOG_COMPILER_GLOBAL_ACCENT_COLOR_NAME = AccentColor;
				CODE_SIGN_STYLE = Automatic;
				CURRENT_PROJECT_VERSION = 1;
				DEVELOPMENT_ASSET_PATHS = "\"AQXInterview/Preview Content\"";
				DEVELOPMENT_TEAM = TL2NQXM9D4;
				ENABLE_PREVIEWS = YES;
				GENERATE_INFOPLIST_FILE = YES;
				INFOPLIST_KEY_UIApplicationSceneManifest_Generation = YES;
				INFOPLIST_KEY_UIApplicationSupportsIndirectInputEvents = YES;
				INFOPLIST_KEY_UILaunchScreen_Generation = YES;
				INFOPLIST_KEY_UISupportedInterfaceOrientations_iPad = "UIInterfaceOrientationPortrait UIInterfaceOrientationPortraitUpsideDown UIInterfaceOrientationLandscapeLeft UIInterfaceOrientationLandscapeRight";
				INFOPLIST_KEY_UISupportedInterfaceOrientations_iPhone = "UIInterfaceOrientationPortrait UIInterfaceOrientationLandscapeLeft UIInterfaceOrientationLandscapeRight";
				LD_RUNPATH_SEARCH_PATHS = (
					"$(inherited)",
					"@executable_path/Frameworks",
				);
				MARKETING_VERSION = 1.0;
				PRODUCT_BUNDLE_IDENTIFIER = rwjk.AQXInterview;
				PRODUCT_NAME = "$(TARGET_NAME)";
				SWIFT_EMIT_LOC_STRINGS = YES;
				SWIFT_VERSION = 5.0;
				TARGETED_DEVICE_FAMILY = "1,2";
			};
			name = Debug;
		};
		D3F6AE152A2922580098D587 /* Release */ = {
			isa = XCBuildConfiguration;
			buildSettings = {
				ASSETCATALOG_COMPILER_APPICON_NAME = AppIcon;
				ASSETCATALOG_COMPILER_GLOBAL_ACCENT_COLOR_NAME = AccentColor;
				CODE_SIGN_STYLE = Automatic;
				CURRENT_PROJECT_VERSION = 1;
				DEVELOPMENT_ASSET_PATHS = "\"AQXInterview/Preview Content\"";
				DEVELOPMENT_TEAM = TL2NQXM9D4;
				ENABLE_PREVIEWS = YES;
				GENERATE_INFOPLIST_FILE = YES;
				INFOPLIST_KEY_UIApplicationSceneManifest_Generation = YES;
				INFOPLIST_KEY_UIApplicationSupportsIndirectInputEvents = YES;
				INFOPLIST_KEY_UILaunchScreen_Generation = YES;
				INFOPLIST_KEY_UISupportedInterfaceOrientations_iPad = "UIInterfaceOrientationPortrait UIInterfaceOrientationPortraitUpsideDown UIInterfaceOrientationLandscapeLeft UIInterfaceOrientationLandscapeRight";
				INFOPLIST_KEY_UISupportedInterfaceOrientations_iPhone = "UIInterfaceOrientationPortrait UIInterfaceOrientationLandscapeLeft UIInterfaceOrientationLandscapeRight";
				LD_RUNPATH_SEARCH_PATHS = (
					"$(inherited)",
					"@executable_path/Frameworks",
				);
				MARKETING_VERSION = 1.0;
				PRODUCT_BUNDLE_IDENTIFIER = rwjk.AQXInterview;
				PRODUCT_NAME = "$(TARGET_NAME)";
				SWIFT_EMIT_LOC_STRINGS = YES;
				SWIFT_VERSION = 5.0;
				TARGETED_DEVICE_FAMILY = "1,2";
			};
			name = Release;
		};
/* End XCBuildConfiguration section */

/* Begin XCConfigurationList section */
		D3F6AE002A2922560098D587 /* Build configuration list for PBXProject "AQXInterview" */ = {
			isa = XCConfigurationList;
			buildConfigurations = (
				D3F6AE112A2922580098D587 /* Debug */,
				D3F6AE122A2922580098D587 /* Release */,
			);
			defaultConfigurationIsVisible = 0;
			defaultConfigurationName = Release;
		};
		D3F6AE132A2922580098D587 /* Build configuration list for PBXNativeTarget "AQXInterview" */ = {
			isa = XCConfigurationList;
			buildConfigurations = (
				D3F6AE142A2922580098D587 /* Debug */,
				D3F6AE152A2922580098D587 /* Release */,
			);
			defaultConfigurationIsVisible = 0;
			defaultConfigurationName = Release;
		};
/* End XCConfigurationList section */
	};
	rootObject = D3F6ADFD2A2922560098D587 /* Project object */;
}
